
Microsoft Visual Studio Solution File, Format Version 12.00
# Visual Studio Version 16
VisualStudioVersion = 16.0.30804.86
MinimumVisualStudioVersion = 10.0.40219.1
Project("{FAE04EC0-301F-11D3-BF4B-00C04F79EFBC}") = "Galgau_Diana_Proiect", "Galgau_Diana_Proiect.csproj", "{D7D1DB60-2255-4475-BD3C-E41C948DC41B}"
EndProject
Global
	GlobalSection(SolutionConfigurationPlatforms) = preSolution
		Debug|Any CPU = Debug|Any CPU
		Release|Any CPU = Release|Any CPU
	EndGlobalSection
	GlobalSection(ProjectConfigurationPlatforms) = postSolution
		{D7D1DB60-2255-4475-BD3C-E41C948DC41B}.Debug|Any CPU.ActiveCfg = Debug|Any CPU
		{D7D1DB60-2255-4475-BD3C-E41C948DC41B}.Debug|Any CPU.Build.0 = Debug|Any CPU
		{D7D1DB60-2255-4475-BD3C-E41C948DC41B}.Release|Any CPU.ActiveCfg = Release|Any CPU
		{D7D1DB60-2255-4475-BD3C-E41C948DC41B}.Release|Any CPU.Build.0 = Release|Any CPU
	EndGlobalSection
	GlobalSection(SolutionProperties) = preSolution
		HideSolutionNode = FALSE
	EndGlobalSection
	GlobalSection(ExtensibilityGlobals) = postSolution
		SolutionGuid = {14A75EC8-0297-42DC-BCB1-CE1D4AB3A1B7}
	EndGlobalSection
EndGlobal
